{
  "nodes": {
    "bobthefish": {
      "flake": false,
      "locked": {
        "lastModified": 1702942933,
        "narHash": "sha256-jiXzkW4H9YORR4iRNAfjlPT2jSyXQKmNx3WA+TjleE8=",
        "owner": "oh-my-fish",
        "repo": "theme-bobthefish",
        "rev": "05c0765c4ec4c8fee7e2d485587e033b9e4e4543",
        "type": "github"
      },
      "original": {
        "owner": "oh-my-fish",
        "repo": "theme-bobthefish",
        "type": "github"
      }
    },
    "darwin": {
      "inputs": {
        "nixpkgs": [
          "nixpkgs"
        ]
      },
      "locked": {
        "lastModified": 1708231718,
        "narHash": "sha256-IZdieFWvhBkxoOFMDejqLUYqD94WN6k0YSpw0DFy+4g=",
        "owner": "LnL7",
        "repo": "nix-darwin",
        "rev": "0e6857fa1d632637488666c08e7b02c08e3178f8",
        "type": "github"
      },
      "original": {
        "owner": "LnL7",
        "repo": "nix-darwin",
        "type": "github"
      }
    },
    "fish-fzf": {
      "flake": false,
      "locked": {
        "lastModified": 1708296200,
        "narHash": "sha256-x/q7tlMlyxZ1ow2saqjuYn05Z1lPOVc13DZ9exFDWoU=",
        "owner": "PatrickF1",
        "repo": "fzf.fish",
        "rev": "dfdf69369bd3a3c83654261f90363da2aa1db8c9",
        "type": "github"
      },
      "original": {
        "owner": "PatrickF1",
        "repo": "fzf.fish",
        "type": "github"
      }
    },
    "home-manager": {
      "inputs": {
        "nixpkgs": [
          "nixpkgs"
        ]
      },
      "locked": {
        "lastModified": 1706981411,
        "narHash": "sha256-cLbLPTL1CDmETVh4p0nQtvoF+FSEjsnJTFpTxhXywhQ=",
        "owner": "nix-community",
        "repo": "home-manager",
        "rev": "652fda4ca6dafeb090943422c34ae9145787af37",
        "type": "github"
      },
      "original": {
        "owner": "nix-community",
        "ref": "release-23.11",
        "repo": "home-manager",
        "type": "github"
      }
    },
    "nixpkgs": {
      "locked": {
        "lastModified": 1708294118,
        "narHash": "sha256-evZzmLW7qoHXf76VCepvun1esZDxHfVRFUJtumD7L2M=",
        "owner": "nixos",
        "repo": "nixpkgs",
        "rev": "e0da498ad77ac8909a980f07eff060862417ccf7",
        "type": "github"
      },
      "original": {
        "owner": "nixos",
        "ref": "nixos-23.11",
        "repo": "nixpkgs",
        "type": "github"
      }
    },
    "nixpkgs-unstable": {
      "locked": {
        "lastModified": 1708373374,
        "narHash": "sha256-yEyDvDj/YQc4GOZa/cXx6YUzexD8uv1rUvD6SJVr6UI=",
        "owner": "nixos",
        "repo": "nixpkgs",
        "rev": "93e1c2d08467d1117ebac45689469613a9fe8453",
        "type": "github"
      },
      "original": {
        "owner": "nixos",
        "ref": "nixpkgs-unstable",
        "repo": "nixpkgs",
        "type": "github"
      }
    },
    "nvim-telescope": {
      "flake": false,
      "locked": {
        "lastModified": 1708134271,
        "narHash": "sha256-302rO8XEy2CUap0l3Zfq4hxuRwIp8jvCkenl2U/K37o=",
        "owner": "nvim-telescope",
        "repo": "telescope.nvim",
        "rev": "b744cf59752aaa01561afb4223006de26f3836fd",
        "type": "github"
      },
      "original": {
        "owner": "nvim-telescope",
        "repo": "telescope.nvim",
        "type": "github"
      }
    },
    "root": {
      "inputs": {
        "bobthefish": "bobthefish",
        "darwin": "darwin",
        "fish-fzf": "fish-fzf",
        "home-manager": "home-manager",
        "nixpkgs": "nixpkgs",
        "nixpkgs-unstable": "nixpkgs-unstable",
        "nvim-telescope": "nvim-telescope"
      }
    }
  },
  "root": "root",
  "version": 7
}
